
Microsoft Visual Studio Solution File, Format Version 12.00
# Visual Studio Version 16
VisualStudioVersion = 16.0.30320.27
MinimumVisualStudioVersion = 10.0.40219.1
Project("{9A19103F-16F7-4668-BE54-9A1E7A4F7556}") = "Esender", "Esender.csproj", "{E16546BC-7016-4A70-A99D-67E5847A5962}"
EndProject
Project("{00D1A9C2-B5F0-4AF3-8072-F6C62B433612}") = "EsenderDB", "..\EsenderDB\EsenderDB.sqlproj", "{759960BD-1EF5-4DAF-812A-FFDF42AE40D9}"
EndProject
Global
	GlobalSection(SolutionConfigurationPlatforms) = preSolution
		Debug|Any CPU = Debug|Any CPU
		Release|Any CPU = Release|Any CPU
	EndGlobalSection
	GlobalSection(ProjectConfigurationPlatforms) = postSolution
		{E16546BC-7016-4A70-A99D-67E5847A5962}.Debug|Any CPU.ActiveCfg = Debug|Any CPU
		{E16546BC-7016-4A70-A99D-67E5847A5962}.Debug|Any CPU.Build.0 = Debug|Any CPU
		{E16546BC-7016-4A70-A99D-67E5847A5962}.Release|Any CPU.ActiveCfg = Release|Any CPU
		{E16546BC-7016-4A70-A99D-67E5847A5962}.Release|Any CPU.Build.0 = Release|Any CPU
		{759960BD-1EF5-4DAF-812A-FFDF42AE40D9}.Debug|Any CPU.ActiveCfg = Debug|Any CPU
		{759960BD-1EF5-4DAF-812A-FFDF42AE40D9}.Debug|Any CPU.Build.0 = Debug|Any CPU
		{759960BD-1EF5-4DAF-812A-FFDF42AE40D9}.Debug|Any CPU.Deploy.0 = Debug|Any CPU
		{759960BD-1EF5-4DAF-812A-FFDF42AE40D9}.Release|Any CPU.ActiveCfg = Release|Any CPU
		{759960BD-1EF5-4DAF-812A-FFDF42AE40D9}.Release|Any CPU.Build.0 = Release|Any CPU
		{759960BD-1EF5-4DAF-812A-FFDF42AE40D9}.Release|Any CPU.Deploy.0 = Release|Any CPU
	EndGlobalSection
	GlobalSection(SolutionProperties) = preSolution
		HideSolutionNode = FALSE
	EndGlobalSection
	GlobalSection(ExtensibilityGlobals) = postSolution
		SolutionGuid = {E2FF8B1A-BBD0-4031-852A-7F553F23AC34}
	EndGlobalSection
EndGlobal
